
Microsoft Visual Studio Solution File, Format Version 12.00
# Visual Studio Version 17
VisualStudioVersion = 17.5.002.0
MinimumVisualStudioVersion = 10.0.40219.1
Project("{9A19103F-16F7-4668-BE54-9A1E7A4F7556}") = "TestProject1", "TestProject1.csproj", "{13F5A6EE-F94F-4AB5-8ADB-D4BF80068551}"
EndProject
Global
	GlobalSection(SolutionConfigurationPlatforms) = preSolution
		Debug|Any CPU = Debug|Any CPU
		Release|Any CPU = Release|Any CPU
	EndGlobalSection
	GlobalSection(ProjectConfigurationPlatforms) = postSolution
		{13F5A6EE-F94F-4AB5-8ADB-D4BF80068551}.Debug|Any CPU.ActiveCfg = Debug|Any CPU
		{13F5A6EE-F94F-4AB5-8ADB-D4BF80068551}.Debug|Any CPU.Build.0 = Debug|Any CPU
		{13F5A6EE-F94F-4AB5-8ADB-D4BF80068551}.Release|Any CPU.ActiveCfg = Release|Any CPU
		{13F5A6EE-F94F-4AB5-8ADB-D4BF80068551}.Release|Any CPU.Build.0 = Release|Any CPU
	EndGlobalSection
	GlobalSection(SolutionProperties) = preSolution
		HideSolutionNode = FALSE
	EndGlobalSection
	GlobalSection(ExtensibilityGlobals) = postSolution
		SolutionGuid = {7919475E-FADD-47C6-8725-7D27F6434BD9}
	EndGlobalSection
EndGlobal
